
Microsoft Visual Studio Solution File, Format Version 12.00
# Visual Studio 15
VisualStudioVersion = 15.0.27004.2010
MinimumVisualStudioVersion = 10.0.40219.1
Project("{FAE04EC0-301F-11D3-BF4B-00C04F79EFBC}") = "SociallyAwesomated", "SociallyAwesomated\SociallyAwesomated.csproj", "{0F090DE3-C995-4D22-8B4D-A3A202E8442B}"
EndProject
Project("{2150E333-8FDC-42A3-9474-1A3956D46DE8}") = "Solution Items", "Solution Items", "{EF8FDB23-052B-4340-89C1-D05F447BED3A}"
	ProjectSection(SolutionItems) = preProject
		.gitignore = .gitignore
		README.md = README.md
	EndProjectSection
EndProject
Project("{FAE04EC0-301F-11D3-BF4B-00C04F79EFBC}") = "SM.UWP.Common", "SM.UWP.Common\SM.UWP.Common.csproj", "{A652577E-8C5F-4DE9-A57E-8A80B56F8DB6}"
EndProject
Project("{FAE04EC0-301F-11D3-BF4B-00C04F79EFBC}") = "SociallyAwesomated.Tests", "SociallyAwesomated.Tests\SociallyAwesomated.Tests.csproj", "{B3ACEF41-2B78-4B76-B392-332A14165ABC}"
EndProject
Project("{FAE04EC0-301F-11D3-BF4B-00C04F79EFBC}") = "SociallyAwesomated.New", "SociallyAwesomated.New\SociallyAwesomated.New.csproj", "{B428D528-403A-443D-BB3D-76F5DD1058E6}"
EndProject
Project("{9A19103F-16F7-4668-BE54-9A1E7A4F7556}") = "Microsoft.Toolkit.Uwp.Services", "..\WindowsCommunityToolkit\Microsoft.Toolkit.Uwp.Services\Microsoft.Toolkit.Uwp.Services.csproj", "{2466AD3A-F7E6-43EB-8B67-4B6EDDD858DD}"
EndProject
Project("{9A19103F-16F7-4668-BE54-9A1E7A4F7556}") = "Microsoft.Toolkit.Parsers", "..\WindowsCommunityToolkit\Microsoft.Toolkit.Parsers\Microsoft.Toolkit.Parsers.csproj", "{24577288-88DF-42EC-9582-4FE1DE931B3B}"
EndProject
Project("{9A19103F-16F7-4668-BE54-9A1E7A4F7556}") = "Microsoft.Toolkit", "..\WindowsCommunityToolkit\Microsoft.Toolkit\Microsoft.Toolkit.csproj", "{23DB616C-4A41-4AF0-B702-A336B859AE5E}"
EndProject
Project("{9A19103F-16F7-4668-BE54-9A1E7A4F7556}") = "Microsoft.Toolkit.Services", "..\WindowsCommunityToolkit\Microsoft.Toolkit.Services\Microsoft.Toolkit.Services.csproj", "{A0AE9C80-017E-4556-B778-4389331F8708}"
EndProject
Project("{9A19103F-16F7-4668-BE54-9A1E7A4F7556}") = "Microsoft.Toolkit.Uwp", "..\WindowsCommunityToolkit\Microsoft.Toolkit.Uwp\Microsoft.Toolkit.Uwp.csproj", "{FE800687-B6E9-449E-8508-CB83396210AD}"
EndProject
Global
	GlobalSection(SolutionConfigurationPlatforms) = preSolution
		Debug|Any CPU = Debug|Any CPU
		Debug|ARM = Debug|ARM
		Debug|x64 = Debug|x64
		Debug|x86 = Debug|x86
		Release|Any CPU = Release|Any CPU
		Release|ARM = Release|ARM
		Release|x64 = Release|x64
		Release|x86 = Release|x86
	EndGlobalSection
	GlobalSection(ProjectConfigurationPlatforms) = postSolution
		{0F090DE3-C995-4D22-8B4D-A3A202E8442B}.Debug|Any CPU.ActiveCfg = Debug|Any CPU
		{0F090DE3-C995-4D22-8B4D-A3A202E8442B}.Debug|Any CPU.Build.0 = Debug|Any CPU
		{0F090DE3-C995-4D22-8B4D-A3A202E8442B}.Debug|ARM.ActiveCfg = Debug|ARM
		{0F090DE3-C995-4D22-8B4D-A3A202E8442B}.Debug|ARM.Build.0 = Debug|ARM
		{0F090DE3-C995-4D22-8B4D-A3A202E8442B}.Debug|x64.ActiveCfg = Debug|x64
		{0F090DE3-C995-4D22-8B4D-A3A202E8442B}.Debug|x64.Build.0 = Debug|x64
		{0F090DE3-C995-4D22-8B4D-A3A202E8442B}.Debug|x86.ActiveCfg = Debug|x86
		{0F090DE3-C995-4D22-8B4D-A3A202E8442B}.Debug|x86.Build.0 = Debug|x86
		{0F090DE3-C995-4D22-8B4D-A3A202E8442B}.Release|Any CPU.ActiveCfg = Release|Any CPU
		{0F090DE3-C995-4D22-8B4D-A3A202E8442B}.Release|Any CPU.Build.0 = Release|Any CPU
		{0F090DE3-C995-4D22-8B4D-A3A202E8442B}.Release|ARM.ActiveCfg = Release|ARM
		{0F090DE3-C995-4D22-8B4D-A3A202E8442B}.Release|ARM.Build.0 = Release|ARM
		{0F090DE3-C995-4D22-8B4D-A3A202E8442B}.Release|x64.ActiveCfg = Release|x64
		{0F090DE3-C995-4D22-8B4D-A3A202E8442B}.Release|x64.Build.0 = Release|x64
		{0F090DE3-C995-4D22-8B4D-A3A202E8442B}.Release|x86.ActiveCfg = Release|x86
		{0F090DE3-C995-4D22-8B4D-A3A202E8442B}.Release|x86.Build.0 = Release|x86
		{A652577E-8C5F-4DE9-A57E-8A80B56F8DB6}.Debug|Any CPU.ActiveCfg = Debug|Any CPU
		{A652577E-8C5F-4DE9-A57E-8A80B56F8DB6}.Debug|Any CPU.Build.0 = Debug|Any CPU
		{A652577E-8C5F-4DE9-A57E-8A80B56F8DB6}.Debug|ARM.ActiveCfg = Debug|ARM
		{A652577E-8C5F-4DE9-A57E-8A80B56F8DB6}.Debug|ARM.Build.0 = Debug|ARM
		{A652577E-8C5F-4DE9-A57E-8A80B56F8DB6}.Debug|x64.ActiveCfg = Debug|x64
		{A652577E-8C5F-4DE9-A57E-8A80B56F8DB6}.Debug|x64.Build.0 = Debug|x64
		{A652577E-8C5F-4DE9-A57E-8A80B56F8DB6}.Debug|x86.ActiveCfg = Debug|x86
		{A652577E-8C5F-4DE9-A57E-8A80B56F8DB6}.Debug|x86.Build.0 = Debug|x86
		{A652577E-8C5F-4DE9-A57E-8A80B56F8DB6}.Release|Any CPU.ActiveCfg = Release|Any CPU
		{A652577E-8C5F-4DE9-A57E-8A80B56F8DB6}.Release|Any CPU.Build.0 = Release|Any CPU
		{A652577E-8C5F-4DE9-A57E-8A80B56F8DB6}.Release|ARM.ActiveCfg = Release|ARM
		{A652577E-8C5F-4DE9-A57E-8A80B56F8DB6}.Release|ARM.Build.0 = Release|ARM
		{A652577E-8C5F-4DE9-A57E-8A80B56F8DB6}.Release|x64.ActiveCfg = Release|x64
		{A652577E-8C5F-4DE9-A57E-8A80B56F8DB6}.Release|x64.Build.0 = Release|x64
		{A652577E-8C5F-4DE9-A57E-8A80B56F8DB6}.Release|x86.ActiveCfg = Release|x86
		{A652577E-8C5F-4DE9-A57E-8A80B56F8DB6}.Release|x86.Build.0 = Release|x86
		{B3ACEF41-2B78-4B76-B392-332A14165ABC}.Debug|Any CPU.ActiveCfg = Debug|x86
		{B3ACEF41-2B78-4B76-B392-332A14165ABC}.Debug|Any CPU.Build.0 = Debug|x86
		{B3ACEF41-2B78-4B76-B392-332A14165ABC}.Debug|Any CPU.Deploy.0 = Debug|x86
		{B3ACEF41-2B78-4B76-B392-332A14165ABC}.Debug|ARM.ActiveCfg = Debug|ARM
		{B3ACEF41-2B78-4B76-B392-332A14165ABC}.Debug|ARM.Build.0 = Debug|ARM
		{B3ACEF41-2B78-4B76-B392-332A14165ABC}.Debug|ARM.Deploy.0 = Debug|ARM
		{B3ACEF41-2B78-4B76-B392-332A14165ABC}.Debug|x64.ActiveCfg = Debug|x64
		{B3ACEF41-2B78-4B76-B392-332A14165ABC}.Debug|x64.Build.0 = Debug|x64
		{B3ACEF41-2B78-4B76-B392-332A14165ABC}.Debug|x64.Deploy.0 = Debug|x64
		{B3ACEF41-2B78-4B76-B392-332A14165ABC}.Debug|x86.ActiveCfg = Debug|x86
		{B3ACEF41-2B78-4B76-B392-332A14165ABC}.Debug|x86.Build.0 = Debug|x86
		{B3ACEF41-2B78-4B76-B392-332A14165ABC}.Debug|x86.Deploy.0 = Debug|x86
		{B3ACEF41-2B78-4B76-B392-332A14165ABC}.Release|Any CPU.ActiveCfg = Release|x86
		{B3ACEF41-2B78-4B76-B392-332A14165ABC}.Release|ARM.ActiveCfg = Release|ARM
		{B3ACEF41-2B78-4B76-B392-332A14165ABC}.Release|ARM.Build.0 = Release|ARM
		{B3ACEF41-2B78-4B76-B392-332A14165ABC}.Release|ARM.Deploy.0 = Release|ARM
		{B3ACEF41-2B78-4B76-B392-332A14165ABC}.Release|x64.ActiveCfg = Release|x64
		{B3ACEF41-2B78-4B76-B392-332A14165ABC}.Release|x64.Build.0 = Release|x64
		{B3ACEF41-2B78-4B76-B392-332A14165ABC}.Release|x64.Deploy.0 = Release|x64
		{B3ACEF41-2B78-4B76-B392-332A14165ABC}.Release|x86.ActiveCfg = Release|x86
		{B3ACEF41-2B78-4B76-B392-332A14165ABC}.Release|x86.Build.0 = Release|x86
		{B3ACEF41-2B78-4B76-B392-332A14165ABC}.Release|x86.Deploy.0 = Release|x86
		{B428D528-403A-443D-BB3D-76F5DD1058E6}.Debug|Any CPU.ActiveCfg = Debug|x86
		{B428D528-403A-443D-BB3D-76F5DD1058E6}.Debug|Any CPU.Build.0 = Debug|x86
		{B428D528-403A-443D-BB3D-76F5DD1058E6}.Debug|Any CPU.Deploy.0 = Debug|x86
		{B428D528-403A-443D-BB3D-76F5DD1058E6}.Debug|ARM.ActiveCfg = Debug|ARM
		{B428D528-403A-443D-BB3D-76F5DD1058E6}.Debug|ARM.Build.0 = Debug|ARM
		{B428D528-403A-443D-BB3D-76F5DD1058E6}.Debug|ARM.Deploy.0 = Debug|ARM
		{B428D528-403A-443D-BB3D-76F5DD1058E6}.Debug|x64.ActiveCfg = Debug|x64
		{B428D528-403A-443D-BB3D-76F5DD1058E6}.Debug|x64.Build.0 = Debug|x64
		{B428D528-403A-443D-BB3D-76F5DD1058E6}.Debug|x64.Deploy.0 = Debug|x64
		{B428D528-403A-443D-BB3D-76F5DD1058E6}.Debug|x86.ActiveCfg = Debug|x86
		{B428D528-403A-443D-BB3D-76F5DD1058E6}.Debug|x86.Build.0 = Debug|x86
		{B428D528-403A-443D-BB3D-76F5DD1058E6}.Debug|x86.Deploy.0 = Debug|x86
		{B428D528-403A-443D-BB3D-76F5DD1058E6}.Release|Any CPU.ActiveCfg = Release|x86
		{B428D528-403A-443D-BB3D-76F5DD1058E6}.Release|ARM.ActiveCfg = Release|ARM
		{B428D528-403A-443D-BB3D-76F5DD1058E6}.Release|ARM.Build.0 = Release|ARM
		{B428D528-403A-443D-BB3D-76F5DD1058E6}.Release|ARM.Deploy.0 = Release|ARM
		{B428D528-403A-443D-BB3D-76F5DD1058E6}.Release|x64.ActiveCfg = Release|x64
		{B428D528-403A-443D-BB3D-76F5DD1058E6}.Release|x64.Build.0 = Release|x64
		{B428D528-403A-443D-BB3D-76F5DD1058E6}.Release|x64.Deploy.0 = Release|x64
		{B428D528-403A-443D-BB3D-76F5DD1058E6}.Release|x86.ActiveCfg = Release|x86
		{B428D528-403A-443D-BB3D-76F5DD1058E6}.Release|x86.Build.0 = Release|x86
		{B428D528-403A-443D-BB3D-76F5DD1058E6}.Release|x86.Deploy.0 = Release|x86
		{2466AD3A-F7E6-43EB-8B67-4B6EDDD858DD}.Debug|Any CPU.ActiveCfg = Debug|Any CPU
		{2466AD3A-F7E6-43EB-8B67-4B6EDDD858DD}.Debug|Any CPU.Build.0 = Debug|Any CPU
		{2466AD3A-F7E6-43EB-8B67-4B6EDDD858DD}.Debug|ARM.ActiveCfg = Debug|Any CPU
		{2466AD3A-F7E6-43EB-8B67-4B6EDDD858DD}.Debug|ARM.Build.0 = Debug|Any CPU
		{2466AD3A-F7E6-43EB-8B67-4B6EDDD858DD}.Debug|x64.ActiveCfg = Debug|Any CPU
		{2466AD3A-F7E6-43EB-8B67-4B6EDDD858DD}.Debug|x64.Build.0 = Debug|Any CPU
		{2466AD3A-F7E6-43EB-8B67-4B6EDDD858DD}.Debug|x86.ActiveCfg = Debug|Any CPU
		{2466AD3A-F7E6-43EB-8B67-4B6EDDD858DD}.Debug|x86.Build.0 = Debug|Any CPU
		{2466AD3A-F7E6-43EB-8B67-4B6EDDD858DD}.Release|Any CPU.ActiveCfg = Release|Any CPU
		{2466AD3A-F7E6-43EB-8B67-4B6EDDD858DD}.Release|Any CPU.Build.0 = Release|Any CPU
		{2466AD3A-F7E6-43EB-8B67-4B6EDDD858DD}.Release|ARM.ActiveCfg = Release|Any CPU
		{2466AD3A-F7E6-43EB-8B67-4B6EDDD858DD}.Release|ARM.Build.0 = Release|Any CPU
		{2466AD3A-F7E6-43EB-8B67-4B6EDDD858DD}.Release|x64.ActiveCfg = Release|Any CPU
		{2466AD3A-F7E6-43EB-8B67-4B6EDDD858DD}.Release|x64.Build.0 = Release|Any CPU
		{2466AD3A-F7E6-43EB-8B67-4B6EDDD858DD}.Release|x86.ActiveCfg = Release|Any CPU
		{2466AD3A-F7E6-43EB-8B67-4B6EDDD858DD}.Release|x86.Build.0 = Release|Any CPU
		{24577288-88DF-42EC-9582-4FE1DE931B3B}.Debug|Any CPU.ActiveCfg = Debug|Any CPU
		{24577288-88DF-42EC-9582-4FE1DE931B3B}.Debug|Any CPU.Build.0 = Debug|Any CPU
		{24577288-88DF-42EC-9582-4FE1DE931B3B}.Debug|ARM.ActiveCfg = Debug|Any CPU
		{24577288-88DF-42EC-9582-4FE1DE931B3B}.Debug|ARM.Build.0 = Debug|Any CPU
		{24577288-88DF-42EC-9582-4FE1DE931B3B}.Debug|x64.ActiveCfg = Debug|Any CPU
		{24577288-88DF-42EC-9582-4FE1DE931B3B}.Debug|x64.Build.0 = Debug|Any CPU
		{24577288-88DF-42EC-9582-4FE1DE931B3B}.Debug|x86.ActiveCfg = Debug|Any CPU
		{24577288-88DF-42EC-9582-4FE1DE931B3B}.Debug|x86.Build.0 = Debug|Any CPU
		{24577288-88DF-42EC-9582-4FE1DE931B3B}.Release|Any CPU.ActiveCfg = Release|Any CPU
		{24577288-88DF-42EC-9582-4FE1DE931B3B}.Release|Any CPU.Build.0 = Release|Any CPU
		{24577288-88DF-42EC-9582-4FE1DE931B3B}.Release|ARM.ActiveCfg = Release|Any CPU
		{24577288-88DF-42EC-9582-4FE1DE931B3B}.Release|ARM.Build.0 = Release|Any CPU
		{24577288-88DF-42EC-9582-4FE1DE931B3B}.Release|x64.ActiveCfg = Release|Any CPU
		{24577288-88DF-42EC-9582-4FE1DE931B3B}.Release|x64.Build.0 = Release|Any CPU
		{24577288-88DF-42EC-9582-4FE1DE931B3B}.Release|x86.ActiveCfg = Release|Any CPU
		{24577288-88DF-42EC-9582-4FE1DE931B3B}.Release|x86.Build.0 = Release|Any CPU
		{23DB616C-4A41-4AF0-B702-A336B859AE5E}.Debug|Any CPU.ActiveCfg = Debug|Any CPU
		{23DB616C-4A41-4AF0-B702-A336B859AE5E}.Debug|Any CPU.Build.0 = Debug|Any CPU
		{23DB616C-4A41-4AF0-B702-A336B859AE5E}.Debug|ARM.ActiveCfg = Debug|Any CPU
		{23DB616C-4A41-4AF0-B702-A336B859AE5E}.Debug|ARM.Build.0 = Debug|Any CPU
		{23DB616C-4A41-4AF0-B702-A336B859AE5E}.Debug|x64.ActiveCfg = Debug|Any CPU
		{23DB616C-4A41-4AF0-B702-A336B859AE5E}.Debug|x64.Build.0 = Debug|Any CPU
		{23DB616C-4A41-4AF0-B702-A336B859AE5E}.Debug|x86.ActiveCfg = Debug|Any CPU
		{23DB616C-4A41-4AF0-B702-A336B859AE5E}.Debug|x86.Build.0 = Debug|Any CPU
		{23DB616C-4A41-4AF0-B702-A336B859AE5E}.Release|Any CPU.ActiveCfg = Release|Any CPU
		{23DB616C-4A41-4AF0-B702-A336B859AE5E}.Release|Any CPU.Build.0 = Release|Any CPU
		{23DB616C-4A41-4AF0-B702-A336B859AE5E}.Release|ARM.ActiveCfg = Release|Any CPU
		{23DB616C-4A41-4AF0-B702-A336B859AE5E}.Release|ARM.Build.0 = Release|Any CPU
		{23DB616C-4A41-4AF0-B702-A336B859AE5E}.Release|x64.ActiveCfg = Release|Any CPU
		{23DB616C-4A41-4AF0-B702-A336B859AE5E}.Release|x64.Build.0 = Release|Any CPU
		{23DB616C-4A41-4AF0-B702-A336B859AE5E}.Release|x86.ActiveCfg = Release|Any CPU
		{23DB616C-4A41-4AF0-B702-A336B859AE5E}.Release|x86.Build.0 = Release|Any CPU
		{A0AE9C80-017E-4556-B778-4389331F8708}.Debug|Any CPU.ActiveCfg = Debug|Any CPU
		{A0AE9C80-017E-4556-B778-4389331F8708}.Debug|Any CPU.Build.0 = Debug|Any CPU
		{A0AE9C80-017E-4556-B778-4389331F8708}.Debug|ARM.ActiveCfg = Debug|Any CPU
		{A0AE9C80-017E-4556-B778-4389331F8708}.Debug|ARM.Build.0 = Debug|Any CPU
		{A0AE9C80-017E-4556-B778-4389331F8708}.Debug|x64.ActiveCfg = Debug|Any CPU
		{A0AE9C80-017E-4556-B778-4389331F8708}.Debug|x64.Build.0 = Debug|Any CPU
		{A0AE9C80-017E-4556-B778-4389331F8708}.Debug|x86.ActiveCfg = Debug|Any CPU
		{A0AE9C80-017E-4556-B778-4389331F8708}.Debug|x86.Build.0 = Debug|Any CPU
		{A0AE9C80-017E-4556-B778-4389331F8708}.Release|Any CPU.ActiveCfg = Release|Any CPU
		{A0AE9C80-017E-4556-B778-4389331F8708}.Release|Any CPU.Build.0 = Release|Any CPU
		{A0AE9C80-017E-4556-B778-4389331F8708}.Release|ARM.ActiveCfg = Release|Any CPU
		{A0AE9C80-017E-4556-B778-4389331F8708}.Release|ARM.Build.0 = Release|Any CPU
		{A0AE9C80-017E-4556-B778-4389331F8708}.Release|x64.ActiveCfg = Release|Any CPU
		{A0AE9C80-017E-4556-B778-4389331F8708}.Release|x64.Build.0 = Release|Any CPU
		{A0AE9C80-017E-4556-B778-4389331F8708}.Release|x86.ActiveCfg = Release|Any CPU
		{A0AE9C80-017E-4556-B778-4389331F8708}.Release|x86.Build.0 = Release|Any CPU
		{FE800687-B6E9-449E-8508-CB83396210AD}.Debug|Any CPU.ActiveCfg = Debug|Any CPU
		{FE800687-B6E9-449E-8508-CB83396210AD}.Debug|Any CPU.Build.0 = Debug|Any CPU
		{FE800687-B6E9-449E-8508-CB83396210AD}.Debug|ARM.ActiveCfg = Debug|Any CPU
		{FE800687-B6E9-449E-8508-CB83396210AD}.Debug|ARM.Build.0 = Debug|Any CPU
		{FE800687-B6E9-449E-8508-CB83396210AD}.Debug|x64.ActiveCfg = Debug|Any CPU
		{FE800687-B6E9-449E-8508-CB83396210AD}.Debug|x64.Build.0 = Debug|Any CPU
		{FE800687-B6E9-449E-8508-CB83396210AD}.Debug|x86.ActiveCfg = Debug|Any CPU
		{FE800687-B6E9-449E-8508-CB83396210AD}.Debug|x86.Build.0 = Debug|Any CPU
		{FE800687-B6E9-449E-8508-CB83396210AD}.Release|Any CPU.ActiveCfg = Release|Any CPU
		{FE800687-B6E9-449E-8508-CB83396210AD}.Release|Any CPU.Build.0 = Release|Any CPU
		{FE800687-B6E9-449E-8508-CB83396210AD}.Release|ARM.ActiveCfg = Release|Any CPU
		{FE800687-B6E9-449E-8508-CB83396210AD}.Release|ARM.Build.0 = Release|Any CPU
		{FE800687-B6E9-449E-8508-CB83396210AD}.Release|x64.ActiveCfg = Release|Any CPU
		{FE800687-B6E9-449E-8508-CB83396210AD}.Release|x64.Build.0 = Release|Any CPU
		{FE800687-B6E9-449E-8508-CB83396210AD}.Release|x86.ActiveCfg = Release|Any CPU
		{FE800687-B6E9-449E-8508-CB83396210AD}.Release|x86.Build.0 = Release|Any CPU
	EndGlobalSection
	GlobalSection(SolutionProperties) = preSolution
		HideSolutionNode = FALSE
	EndGlobalSection
	GlobalSection(ExtensibilityGlobals) = postSolution
		SolutionGuid = {432E3BC0-4A1F-467D-8DD7-0F76561E3998}
	EndGlobalSection
EndGlobal
